
Microsoft Visual Studio Solution File, Format Version 12.00
# Visual Studio 2012
Project("{FAE04EC0-301F-11D3-BF4B-00C04F79EFBC}") = "capexp4m.Core", "capexp4m\capexp4m.Core.csproj", "{82372861-0A0A-4BFC-BDC2-460FFF7B3D4A}"
EndProject
Project("{FAE04EC0-301F-11D3-BF4B-00C04F79EFBC}") = "capexp4m.iOS", "iOS\capexp4m.iOS.csproj", "{96BF83AD-B7D0-41F2-B450-9C7987F07F4F}"
EndProject
Project("{FAE04EC0-301F-11D3-BF4B-00C04F79EFBC}") = "capexp4m.Droid", "Droid\capexp4m.Droid.csproj", "{ED2E17CF-C08C-4906-8BB5-292BA74B3EC6}"
EndProject
Global
	GlobalSection(SolutionConfigurationPlatforms) = preSolution
		Debug|Any CPU = Debug|Any CPU
		Release|Any CPU = Release|Any CPU
		Debug|iPhoneSimulator = Debug|iPhoneSimulator
		Release|iPhone = Release|iPhone
		Release|iPhoneSimulator = Release|iPhoneSimulator
		Debug|iPhone = Debug|iPhone
	EndGlobalSection
	GlobalSection(ProjectConfigurationPlatforms) = postSolution
		{82372861-0A0A-4BFC-BDC2-460FFF7B3D4A}.Debug|Any CPU.ActiveCfg = Debug|Any CPU
		{82372861-0A0A-4BFC-BDC2-460FFF7B3D4A}.Debug|Any CPU.Build.0 = Debug|Any CPU
		{82372861-0A0A-4BFC-BDC2-460FFF7B3D4A}.Release|Any CPU.ActiveCfg = Release|Any CPU
		{82372861-0A0A-4BFC-BDC2-460FFF7B3D4A}.Release|Any CPU.Build.0 = Release|Any CPU
		{82372861-0A0A-4BFC-BDC2-460FFF7B3D4A}.Debug|iPhoneSimulator.ActiveCfg = Debug|Any CPU
		{82372861-0A0A-4BFC-BDC2-460FFF7B3D4A}.Debug|iPhoneSimulator.Build.0 = Debug|Any CPU
		{82372861-0A0A-4BFC-BDC2-460FFF7B3D4A}.Release|iPhone.ActiveCfg = Release|Any CPU
		{82372861-0A0A-4BFC-BDC2-460FFF7B3D4A}.Release|iPhone.Build.0 = Release|Any CPU
		{82372861-0A0A-4BFC-BDC2-460FFF7B3D4A}.Release|iPhoneSimulator.ActiveCfg = Release|Any CPU
		{82372861-0A0A-4BFC-BDC2-460FFF7B3D4A}.Release|iPhoneSimulator.Build.0 = Release|Any CPU
		{82372861-0A0A-4BFC-BDC2-460FFF7B3D4A}.Debug|iPhone.ActiveCfg = Debug|Any CPU
		{82372861-0A0A-4BFC-BDC2-460FFF7B3D4A}.Debug|iPhone.Build.0 = Debug|Any CPU
		{96BF83AD-B7D0-41F2-B450-9C7987F07F4F}.Debug|Any CPU.ActiveCfg = Debug|iPhoneSimulator
		{96BF83AD-B7D0-41F2-B450-9C7987F07F4F}.Debug|Any CPU.Build.0 = Debug|iPhoneSimulator
		{96BF83AD-B7D0-41F2-B450-9C7987F07F4F}.Release|Any CPU.ActiveCfg = Release|iPhone
		{96BF83AD-B7D0-41F2-B450-9C7987F07F4F}.Release|Any CPU.Build.0 = Release|iPhone
		{96BF83AD-B7D0-41F2-B450-9C7987F07F4F}.Debug|iPhoneSimulator.ActiveCfg = Debug|iPhoneSimulator
		{96BF83AD-B7D0-41F2-B450-9C7987F07F4F}.Debug|iPhoneSimulator.Build.0 = Debug|iPhoneSimulator
		{96BF83AD-B7D0-41F2-B450-9C7987F07F4F}.Release|iPhone.ActiveCfg = Release|iPhone
		{96BF83AD-B7D0-41F2-B450-9C7987F07F4F}.Release|iPhone.Build.0 = Release|iPhone
		{96BF83AD-B7D0-41F2-B450-9C7987F07F4F}.Release|iPhoneSimulator.ActiveCfg = Release|iPhoneSimulator
		{96BF83AD-B7D0-41F2-B450-9C7987F07F4F}.Release|iPhoneSimulator.Build.0 = Release|iPhoneSimulator
		{96BF83AD-B7D0-41F2-B450-9C7987F07F4F}.Debug|iPhone.ActiveCfg = Debug|iPhone
		{96BF83AD-B7D0-41F2-B450-9C7987F07F4F}.Debug|iPhone.Build.0 = Debug|iPhone
		{ED2E17CF-C08C-4906-8BB5-292BA74B3EC6}.Debug|Any CPU.ActiveCfg = Debug|Any CPU
		{ED2E17CF-C08C-4906-8BB5-292BA74B3EC6}.Debug|Any CPU.Build.0 = Debug|Any CPU
		{ED2E17CF-C08C-4906-8BB5-292BA74B3EC6}.Release|Any CPU.ActiveCfg = Release|Any CPU
		{ED2E17CF-C08C-4906-8BB5-292BA74B3EC6}.Release|Any CPU.Build.0 = Release|Any CPU
		{ED2E17CF-C08C-4906-8BB5-292BA74B3EC6}.Debug|iPhoneSimulator.ActiveCfg = Debug|Any CPU
		{ED2E17CF-C08C-4906-8BB5-292BA74B3EC6}.Debug|iPhoneSimulator.Build.0 = Debug|Any CPU
		{ED2E17CF-C08C-4906-8BB5-292BA74B3EC6}.Release|iPhone.ActiveCfg = Release|Any CPU
		{ED2E17CF-C08C-4906-8BB5-292BA74B3EC6}.Release|iPhone.Build.0 = Release|Any CPU
		{ED2E17CF-C08C-4906-8BB5-292BA74B3EC6}.Release|iPhoneSimulator.ActiveCfg = Release|Any CPU
		{ED2E17CF-C08C-4906-8BB5-292BA74B3EC6}.Release|iPhoneSimulator.Build.0 = Release|Any CPU
		{ED2E17CF-C08C-4906-8BB5-292BA74B3EC6}.Debug|iPhone.ActiveCfg = Debug|Any CPU
		{ED2E17CF-C08C-4906-8BB5-292BA74B3EC6}.Debug|iPhone.Build.0 = Debug|Any CPU
	EndGlobalSection
EndGlobal
